
Microsoft Visual Studio Solution File, Format Version 12.00
# Visual Studio Version 17
VisualStudioVersion = 17.7.34024.191
MinimumVisualStudioVersion = 10.0.40219.1
Project("{FAE04EC0-301F-11D3-BF4B-00C04F79EFBC}") = "Grafikus rest api", "Grafikus rest api\Grafikus rest api.csproj", "{AACEDB1A-601A-4DEE-87DD-6C27B1EF42E6}"
EndProject
Project("{FAE04EC0-301F-11D3-BF4B-00C04F79EFBC}") = "Dolgozói nyilvántartás", "Dolgozói nyilvántartás\Dolgozói nyilvántartás.csproj", "{2AB76585-B4C6-4A2F-AC4F-38FEBDDECD85}"
EndProject
Global
	GlobalSection(SolutionConfigurationPlatforms) = preSolution
		Debug|Any CPU = Debug|Any CPU
		Release|Any CPU = Release|Any CPU
	EndGlobalSection
	GlobalSection(ProjectConfigurationPlatforms) = postSolution
		{AACEDB1A-601A-4DEE-87DD-6C27B1EF42E6}.Debug|Any CPU.ActiveCfg = Debug|Any CPU
		{AACEDB1A-601A-4DEE-87DD-6C27B1EF42E6}.Debug|Any CPU.Build.0 = Debug|Any CPU
		{AACEDB1A-601A-4DEE-87DD-6C27B1EF42E6}.Release|Any CPU.ActiveCfg = Release|Any CPU
		{AACEDB1A-601A-4DEE-87DD-6C27B1EF42E6}.Release|Any CPU.Build.0 = Release|Any CPU
		{2AB76585-B4C6-4A2F-AC4F-38FEBDDECD85}.Debug|Any CPU.ActiveCfg = Debug|Any CPU
		{2AB76585-B4C6-4A2F-AC4F-38FEBDDECD85}.Debug|Any CPU.Build.0 = Debug|Any CPU
		{2AB76585-B4C6-4A2F-AC4F-38FEBDDECD85}.Release|Any CPU.ActiveCfg = Release|Any CPU
		{2AB76585-B4C6-4A2F-AC4F-38FEBDDECD85}.Release|Any CPU.Build.0 = Release|Any CPU
	EndGlobalSection
	GlobalSection(SolutionProperties) = preSolution
		HideSolutionNode = FALSE
	EndGlobalSection
	GlobalSection(ExtensibilityGlobals) = postSolution
		SolutionGuid = {0AF65791-E323-4536-BCE0-F9E4A9F1B2AD}
	EndGlobalSection
EndGlobal
